PODS:
  - Alamofire (4.0.1)
  - AlamofireObjectMapper (4.0.0):
    - Alamofire (~> 4.0)
    - ObjectMapper (~> 2.0)
  - BaseAPI (0.1.2)
  - Dip (7.0.1)
  - GithubAPI (0.0.6):
    - BaseAPI
  - ObjectMapper (2.2.9)
  - p2.OAuth2 (4.0.1)
  - Realm (3.13.0):
    - Realm/Headers (= 3.13.0)
  - Realm/Headers (3.13.0)
  - RealmSwift (3.13.0):
    - Realm (= 3.13.0)
  - SwiftKeychainWrapper (3.0.1)

DEPENDENCIES:
  - Alamofire (~> 4.0.0)
  - AlamofireObjectMapper (~> 4.0)
  - Dip
  - GithubAPI
  - p2.OAuth2 (from `https://github.com/p2/OAuth2`)
  - RealmSwift
  - SwiftKeychainWrapper (~> 3.0.1)

SPEC REPOS:
  https://github.com/cocoapods/specs.git:
    - Alamofire
    - AlamofireObjectMapper
    - BaseAPI
    - Dip
    - GithubAPI
    - ObjectMapper
    - Realm
    - RealmSwift
    - SwiftKeychainWrapper

EXTERNAL SOURCES:
  p2.OAuth2:
    :git: https://github.com/p2/OAuth2
    :submodules: true

CHECKOUT OPTIONS:
  p2.OAuth2:
    :commit: e81b4bc4a3cfc3d11b62aba07241ceeb0684ac07
    :git: https://github.com/p2/OAuth2
    :submodules: true

SPEC CHECKSUMS:
  Alamofire: 7682d43245de14874acd142ec137b144aa1dd335
  AlamofireObjectMapper: 9faa3ce5a240efda1b209009a2d6e1e949227abc
  BaseAPI: e234e06c832a85154f34f09d6b626364059b1638
  Dip: 79509d5dc4f648e10e922ed79c608a7761c52b13
  GithubAPI: bc5bfd90489f5138a8d1e00003b18abe31579eb0
  ObjectMapper: 63cfe41bc6f8e7c8f44344c49901b8ae7de14c52
  p2.OAuth2: fdc2effef37793a8f775dd4760bc4c1ea906c956
  Realm: 5edd2ee65406aef591a4f9895de5a3440e51b3d8
  RealmSwift: be5ebc7930e37cd3376b41cec7f21984528aaa16
  SwiftKeychainWrapper: 38952a3636320ae61bad3513cadd870929de7a4a

PODFILE CHECKSUM: 8fa574796b5f531021e31678f7bd305898eded51

COCOAPODS: 1.5.3
